
Microsoft Visual Studio Solution File, Format Version 12.00
# Visual Studio 15
VisualStudioVersion = 15.0.28307.757
MinimumVisualStudioVersion = 10.0.40219.1
Project("{FAE04EC0-301F-11D3-BF4B-00C04F79EFBC}") = "0701A2ImperialDistance", "0701A2ImperialDistance\0701A2ImperialDistance.csproj", "{754A365B-E064-453B-BFCA-7C4B20425C29}"
EndProject
Global
	GlobalSection(SolutionConfigurationPlatforms) = preSolution
		Debug|Any CPU = Debug|Any CPU
		Release|Any CPU = Release|Any CPU
	EndGlobalSection
	GlobalSection(ProjectConfigurationPlatforms) = postSolution
		{754A365B-E064-453B-BFCA-7C4B20425C29}.Debug|Any CPU.ActiveCfg = Debug|Any CPU
		{754A365B-E064-453B-BFCA-7C4B20425C29}.Debug|Any CPU.Build.0 = Debug|Any CPU
		{754A365B-E064-453B-BFCA-7C4B20425C29}.Release|Any CPU.ActiveCfg = Release|Any CPU
		{754A365B-E064-453B-BFCA-7C4B20425C29}.Release|Any CPU.Build.0 = Release|Any CPU
	EndGlobalSection
	GlobalSection(SolutionProperties) = preSolution
		HideSolutionNode = FALSE
	EndGlobalSection
	GlobalSection(ExtensibilityGlobals) = postSolution
		SolutionGuid = {069FD2D9-F60A-4F79-B1CD-4495A6039F23}
	EndGlobalSection
EndGlobal
